// !$*UTF8*$!
{
	archiveVersion = 1;
	classes = {
	};
	objectVersion = 50;
	objects = {

/* Begin PBXBuildFile section */
		D2A2101A25B670E900904156 /* Emoticons.swift in Sources */ = {isa = PBXBuildFile; fileRef = D2A2101925B670E900904156 /* Emoticons.swift */; };
		D2A2103B25B69FDA00904156 /* MyCell.swift in Sources */ = {isa = PBXBuildFile; fileRef = D2A2103A25B69FDA00904156 /* MyCell.swift */; };
		D2E9297325B52C8200E13879 /* AppDelegate.swift in Sources */ = {isa = PBXBuildFile; fileRef = D2E9297225B52C8200E13879 /* AppDelegate.swift */; };
		D2E9297525B52C8200E13879 /* SceneDelegate.swift in Sources */ = {isa = PBXBuildFile; fileRef = D2E9297425B52C8200E13879 /* SceneDelegate.swift */; };
		D2E9297725B52C8200E13879 /* ViewController.swift in Sources */ = {isa = PBXBuildFile; fileRef = D2E9297625B52C8200E13879 /* ViewController.swift */; };
		D2E9297A25B52C8200E13879 /* Main.storyboard in Resources */ = {isa = PBXBuildFile; fileRef = D2E9297825B52C8200E13879 /* Main.storyboard */; };
		D2E9297C25B52C8300E13879 /* Assets.xcassets in Resources */ = {isa = PBXBuildFile; fileRef = D2E9297B25B52C8300E13879 /* Assets.xcassets */; };
		D2E9297F25B52C8300E13879 /* LaunchScreen.storyboard in Resources */ = {isa = PBXBuildFile; fileRef = D2E9297D25B52C8300E13879 /* LaunchScreen.storyboard */; };
		D2E9298A25B52C8400E13879 /* EmoticonAppTests.swift in Sources */ = {isa = PBXBuildFile; fileRef = D2E9298925B52C8400E13879 /* EmoticonAppTests.swift */; };
		D2E9299525B52C8400E13879 /* EmoticonAppUITests.swift in Sources */ = {isa = PBXBuildFile; fileRef = D2E9299425B52C8400E13879 /* EmoticonAppUITests.swift */; };
		D2E929C625B5A15800E13879 /* EmoticonListTableViewController.swift in Sources */ = {isa = PBXBuildFile; fileRef = D2E929C525B5A15800E13879 /* EmoticonListTableViewController.swift */; };
		D2F331E625B7E77E0054F6DD /* UpperBelowView.swift in Sources */ = {isa = PBXBuildFile; fileRef = D2F331E525B7E77E0054F6DD /* UpperBelowView.swift */; };
		D2F331FE25B822B50054F6DD /* CartViewController.swift in Sources */ = {isa = PBXBuildFile; fileRef = D2F331FD25B822B50054F6DD /* CartViewController.swift */; };
		D2F3320625B849C40054F6DD /* CartCell.swift in Sources */ = {isa = PBXBuildFile; fileRef = D2F3320525B849C40054F6DD /* CartCell.swift */; };
		D2F3320B25B852850054F6DD /* HistoryCart.swift in Sources */ = {isa = PBXBuildFile; fileRef = D2F3320A25B852850054F6DD /* HistoryCart.swift */; };
		D2F3321425B9446D0054F6DD /* CartProtocol.swift in Sources */ = {isa = PBXBuildFile; fileRef = D2F3321325B9446D0054F6DD /* CartProtocol.swift */; };
		D2F3322E25B9A4B60054F6DD /* UserDefault.swift in Sources */ = {isa = PBXBuildFile; fileRef = D2F3322D25B9A4B60054F6DD /* UserDefault.swift */; };
/* End PBXBuildFile section */

/* Begin PBXContainerItemProxy section */
		D2E9298625B52C8400E13879 /* PBXContainerItemProxy */ = {
			isa = PBXContainerItemProxy;
			containerPortal = D2E9296725B52C8200E13879 /* Project object */;
			proxyType = 1;
			remoteGlobalIDString = D2E9296E25B52C8200E13879;
			remoteInfo = EmoticonApp;
		};
		D2E9299125B52C8400E13879 /* PBXContainerItemProxy */ = {
			isa = PBXContainerItemProxy;
			containerPortal = D2E9296725B52C8200E13879 /* Project object */;
			proxyType = 1;
			remoteGlobalIDString = D2E9296E25B52C8200E13879;
			remoteInfo = EmoticonApp;
		};
/* End PBXContainerItemProxy section */

/* Begin PBXFileReference section */
		D2A2101925B670E900904156 /* Emoticons.swift */ = {isa = PBXFileReference; lastKnownFileType = sourcecode.swift; path = Emoticons.swift; sourceTree = "<group>"; };
		D2A2103A25B69FDA00904156 /* MyCell.swift */ = {isa = PBXFileReference; lastKnownFileType = sourcecode.swift; path = MyCell.swift; sourceTree = "<group>"; };
		D2E9296F25B52C8200E13879 /* EmoticonApp.app */ = {isa = PBXFileReference; explicitFileType = wrapper.application; includeInIndex = 0; path = EmoticonApp.app; sourceTree = BUILT_PRODUCTS_DIR; };
		D2E9297225B52C8200E13879 /* AppDelegate.swift */ = {isa = PBXFileReference; lastKnownFileType = sourcecode.swift; path = AppDelegate.swift; sourceTree = "<group>"; };
		D2E9297425B52C8200E13879 /* SceneDelegate.swift */ = {isa = PBXFileReference; lastKnownFileType = sourcecode.swift; path = SceneDelegate.swift; sourceTree = "<group>"; };
		D2E9297625B52C8200E13879 /* ViewController.swift */ = {isa = PBXFileReference; lastKnownFileType = sourcecode.swift; path = ViewController.swift; sourceTree = "<group>"; };
		D2E9297925B52C8200E13879 /* Base */ = {isa = PBXFileReference; lastKnownFileType = file.storyboard; name = Base; path = Base.lproj/Main.storyboard; sourceTree = "<group>"; };
		D2E9297B25B52C8300E13879 /* Assets.xcassets */ = {isa = PBXFileReference; lastKnownFileType = folder.assetcatalog; path = Assets.xcassets; sourceTree = "<group>"; };
		D2E9297E25B52C8300E13879 /* Base */ = {isa = PBXFileReference; lastKnownFileType = file.storyboard; name = Base; path = Base.lproj/LaunchScreen.storyboard; sourceTree = "<group>"; };
		D2E9298025B52C8300E13879 /* Info.plist */ = {isa = PBXFileReference; lastKnownFileType = text.plist.xml; path = Info.plist; sourceTree = "<group>"; };
		D2E9298525B52C8400E13879 /* EmoticonAppTests.xctest */ = {isa = PBXFileReference; explicitFileType = wrapper.cfbundle; includeInIndex = 0; path = EmoticonAppTests.xctest; sourceTree = BUILT_PRODUCTS_DIR; };
		D2E9298925B52C8400E13879 /* EmoticonAppTests.swift */ = {isa = PBXFileReference; lastKnownFileType = sourcecode.swift; path = EmoticonAppTests.swift; sourceTree = "<group>"; };
		D2E9298B25B52C8400E13879 /* Info.plist */ = {isa = PBXFileReference; lastKnownFileType = text.plist.xml; path = Info.plist; sourceTree = "<group>"; };
		D2E9299025B52C8400E13879 /* EmoticonAppUITests.xctest */ = {isa = PBXFileReference; explicitFileType = wrapper.cfbundle; includeInIndex = 0; path = EmoticonAppUITests.xctest; sourceTree = BUILT_PRODUCTS_DIR; };
		D2E9299425B52C8400E13879 /* EmoticonAppUITests.swift */ = {isa = PBXFileReference; lastKnownFileType = sourcecode.swift; path = EmoticonAppUITests.swift; sourceTree = "<group>"; };
		D2E9299625B52C8400E13879 /* Info.plist */ = {isa = PBXFileReference; lastKnownFileType = text.plist.xml; path = Info.plist; sourceTree = "<group>"; };
		D2E929C525B5A15800E13879 /* EmoticonListTableViewController.swift */ = {isa = PBXFileReference; lastKnownFileType = sourcecode.swift; path = EmoticonListTableViewController.swift; sourceTree = "<group>"; };
		D2F331E525B7E77E0054F6DD /* UpperBelowView.swift */ = {isa = PBXFileReference; lastKnownFileType = sourcecode.swift; path = UpperBelowView.swift; sourceTree = "<group>"; };
		D2F331FD25B822B50054F6DD /* CartViewController.swift */ = {isa = PBXFileReference; lastKnownFileType = sourcecode.swift; path = CartViewController.swift; sourceTree = "<group>"; };
		D2F3320525B849C40054F6DD /* CartCell.swift */ = {isa = PBXFileReference; lastKnownFileType = sourcecode.swift; path = CartCell.swift; sourceTree = "<group>"; };
		D2F3320A25B852850054F6DD /* HistoryCart.swift */ = {isa = PBXFileReference; lastKnownFileType = sourcecode.swift; path = HistoryCart.swift; sourceTree = "<group>"; };
		D2F3321325B9446D0054F6DD /* CartProtocol.swift */ = {isa = PBXFileReference; lastKnownFileType = sourcecode.swift; path = CartProtocol.swift; sourceTree = "<group>"; };
		D2F3322D25B9A4B60054F6DD /* UserDefault.swift */ = {isa = PBXFileReference; lastKnownFileType = sourcecode.swift; path = UserDefault.swift; sourceTree = "<group>"; };
/* End PBXFileReference section */

/* Begin PBXFrameworksBuildPhase section */
		D2E9296C25B52C8200E13879 /* Frameworks */ = {
			isa = PBXFrameworksBuildPhase;
			buildActionMask = 2147483647;
			files = (
			);
			runOnlyForDeploymentPostprocessing = 0;
		};
		D2E9298225B52C8400E13879 /* Frameworks */ = {
			isa = PBXFrameworksBuildPhase;
			buildActionMask = 2147483647;
			files = (
			);
			runOnlyForDeploymentPostprocessing = 0;
		};
		D2E9298D25B52C8400E13879 /* Frameworks */ = {
			isa = PBXFrameworksBuildPhase;
			buildActionMask = 2147483647;
			files = (
			);
			runOnlyForDeploymentPostprocessing = 0;
		};
/* End PBXFrameworksBuildPhase section */

/* Begin PBXGroup section */
		D2A2100D25B6702400904156 /* Model */ = {
			isa = PBXGroup;
			children = (
				D2A2101925B670E900904156 /* Emoticons.swift */,
				D2F3320A25B852850054F6DD /* HistoryCart.swift */,
				D2F3322D25B9A4B60054F6DD /* UserDefault.swift */,
			);
			path = Model;
			sourceTree = "<group>";
		};
		D2A2103F25B6E03000904156 /* View */ = {
			isa = PBXGroup;
			children = (
				D2A2103A25B69FDA00904156 /* MyCell.swift */,
				D2F331E525B7E77E0054F6DD /* UpperBelowView.swift */,
				D2F3320525B849C40054F6DD /* CartCell.swift */,
			);
			path = View;
			sourceTree = "<group>";
		};
		D2E9296625B52C8200E13879 = {
			isa = PBXGroup;
			children = (
				D2E9297125B52C8200E13879 /* EmoticonApp */,
				D2E9298825B52C8400E13879 /* EmoticonAppTests */,
				D2E9299325B52C8400E13879 /* EmoticonAppUITests */,
				D2E9297025B52C8200E13879 /* Products */,
			);
			sourceTree = "<group>";
		};
		D2E9297025B52C8200E13879 /* Products */ = {
			isa = PBXGroup;
			children = (
				D2E9296F25B52C8200E13879 /* EmoticonApp.app */,
				D2E9298525B52C8400E13879 /* EmoticonAppTests.xctest */,
				D2E9299025B52C8400E13879 /* EmoticonAppUITests.xctest */,
			);
			name = Products;
			sourceTree = "<group>";
		};
		D2E9297125B52C8200E13879 /* EmoticonApp */ = {
			isa = PBXGroup;
			children = (
				D2F3321225B944060054F6DD /* Protocol */,
				D2F331DE25B7BEC30054F6DD /* Controller */,
				D2A2103F25B6E03000904156 /* View */,
				D2A2100D25B6702400904156 /* Model */,
				D2E9297225B52C8200E13879 /* AppDelegate.swift */,
				D2E9297425B52C8200E13879 /* SceneDelegate.swift */,
				D2E9297825B52C8200E13879 /* Main.storyboard */,
				D2E9297B25B52C8300E13879 /* Assets.xcassets */,
				D2E9297D25B52C8300E13879 /* LaunchScreen.storyboard */,
				D2E9298025B52C8300E13879 /* Info.plist */,
			);
			path = EmoticonApp;
			sourceTree = "<group>";
		};
		D2E9298825B52C8400E13879 /* EmoticonAppTests */ = {
			isa = PBXGroup;
			children = (
				D2E9298925B52C8400E13879 /* EmoticonAppTests.swift */,
				D2E9298B25B52C8400E13879 /* Info.plist */,
			);
			path = EmoticonAppTests;
			sourceTree = "<group>";
		};
		D2E9299325B52C8400E13879 /* EmoticonAppUITests */ = {
			isa = PBXGroup;
			children = (
				D2E9299425B52C8400E13879 /* EmoticonAppUITests.swift */,
				D2E9299625B52C8400E13879 /* Info.plist */,
			);
			path = EmoticonAppUITests;
			sourceTree = "<group>";
		};
		D2F331DE25B7BEC30054F6DD /* Controller */ = {
			isa = PBXGroup;
			children = (
				D2E9297625B52C8200E13879 /* ViewController.swift */,
				D2E929C525B5A15800E13879 /* EmoticonListTableViewController.swift */,
				D2F331FD25B822B50054F6DD /* CartViewController.swift */,
			);
			path = Controller;
			sourceTree = "<group>";
		};
		D2F3321225B944060054F6DD /* Protocol */ = {
			isa = PBXGroup;
			children = (
				D2F3321325B9446D0054F6DD /* CartProtocol.swift */,
			);
			path = Protocol;
			sourceTree = "<group>";
		};
/* End PBXGroup section */

/* Begin PBXNativeTarget section */
		D2E9296E25B52C8200E13879 /* EmoticonApp */ = {
			isa = PBXNativeTarget;
			buildConfigurationList = D2E9299925B52C8400E13879 /* Build configuration list for PBXNativeTarget "EmoticonApp" */;
			buildPhases = (
				D2E9296B25B52C8200E13879 /* Sources */,
				D2E9296C25B52C8200E13879 /* Frameworks */,
				D2E9296D25B52C8200E13879 /* Resources */,
			);
			buildRules = (
			);
			dependencies = (
			);
			name = EmoticonApp;
			productName = EmoticonApp;
			productReference = D2E9296F25B52C8200E13879 /* EmoticonApp.app */;
			productType = "com.apple.product-type.application";
		};
		D2E9298425B52C8400E13879 /* EmoticonAppTests */ = {
			isa = PBXNativeTarget;
			buildConfigurationList = D2E9299C25B52C8400E13879 /* Build configuration list for PBXNativeTarget "EmoticonAppTests" */;
			buildPhases = (
				D2E9298125B52C8400E13879 /* Sources */,
				D2E9298225B52C8400E13879 /* Frameworks */,
				D2E9298325B52C8400E13879 /* Resources */,
			);
			buildRules = (
			);
			dependencies = (
				D2E9298725B52C8400E13879 /* PBXTargetDependency */,
			);
			name = EmoticonAppTests;
			productName = EmoticonAppTests;
			productReference = D2E9298525B52C8400E13879 /* EmoticonAppTests.xctest */;
			productType = "com.apple.product-type.bundle.unit-test";
		};
		D2E9298F25B52C8400E13879 /* EmoticonAppUITests */ = {
			isa = PBXNativeTarget;
			buildConfigurationList = D2E9299F25B52C8400E13879 /* Build configuration list for PBXNativeTarget "EmoticonAppUITests" */;
			buildPhases = (
				D2E9298C25B52C8400E13879 /* Sources */,
				D2E9298D25B52C8400E13879 /* Frameworks */,
				D2E9298E25B52C8400E13879 /* Resources */,
			);
			buildRules = (
			);
			dependencies = (
				D2E9299225B52C8400E13879 /* PBXTargetDependency */,
			);
			name = EmoticonAppUITests;
			productName = EmoticonAppUITests;
			productReference = D2E9299025B52C8400E13879 /* EmoticonAppUITests.xctest */;
			productType = "com.apple.product-type.bundle.ui-testing";
		};
/* End PBXNativeTarget section */

/* Begin PBXProject section */
		D2E9296725B52C8200E13879 /* Project object */ = {
			isa = PBXProject;
			attributes = {
				LastSwiftUpdateCheck = 1230;
				LastUpgradeCheck = 1230;
				TargetAttributes = {
					D2E9296E25B52C8200E13879 = {
						CreatedOnToolsVersion = 12.3;
					};
					D2E9298425B52C8400E13879 = {
						CreatedOnToolsVersion = 12.3;
						TestTargetID = D2E9296E25B52C8200E13879;
					};
					D2E9298F25B52C8400E13879 = {
						CreatedOnToolsVersion = 12.3;
						TestTargetID = D2E9296E25B52C8200E13879;
					};
				};
			};
			buildConfigurationList = D2E9296A25B52C8200E13879 /* Build configuration list for PBXProject "EmoticonApp" */;
			compatibilityVersion = "Xcode 9.3";
			developmentRegion = en;
			hasScannedForEncodings = 0;
			knownRegions = (
				en,
				Base,
			);
			mainGroup = D2E9296625B52C8200E13879;
			productRefGroup = D2E9297025B52C8200E13879 /* Products */;
			projectDirPath = "";
			projectRoot = "";
			targets = (
				D2E9296E25B52C8200E13879 /* EmoticonApp */,
				D2E9298425B52C8400E13879 /* EmoticonAppTests */,
				D2E9298F25B52C8400E13879 /* EmoticonAppUITests */,
			);
		};
/* End PBXProject section */

/* Begin PBXResourcesBuildPhase section */
		D2E9296D25B52C8200E13879 /* Resources */ = {
			isa = PBXResourcesBuildPhase;
			buildActionMask = 2147483647;
			files = (
				D2E9297F25B52C8300E13879 /* LaunchScreen.storyboard in Resources */,
				D2E9297C25B52C8300E13879 /* Assets.xcassets in Resources */,
				D2E9297A25B52C8200E13879 /* Main.storyboard in Resources */,
			);
			runOnlyForDeploymentPostprocessing = 0;
		};
		D2E9298325B52C8400E13879 /* Resources */ = {
			isa = PBXResourcesBuildPhase;
			buildActionMask = 2147483647;
			files = (
			);
			runOnlyForDeploymentPostprocessing = 0;
		};
		D2E9298E25B52C8400E13879 /* Resources */ = {
			isa = PBXResourcesBuildPhase;
			buildActionMask = 2147483647;
			files = (
			);
			runOnlyForDeploymentPostprocessing = 0;
		};
/* End PBXResourcesBuildPhase section */

/* Begin PBXSourcesBuildPhase section */
		D2E9296B25B52C8200E13879 /* Sources */ = {
			isa = PBXSourcesBuildPhase;
			buildActionMask = 2147483647;
			files = (
				D2E9297725B52C8200E13879 /* ViewController.swift in Sources */,
				D2F3320625B849C40054F6DD /* CartCell.swift in Sources */,
				D2A2103B25B69FDA00904156 /* MyCell.swift in Sources */,
				D2F3320B25B852850054F6DD /* HistoryCart.swift in Sources */,
				D2A2101A25B670E900904156 /* Emoticons.swift in Sources */,
				D2F331FE25B822B50054F6DD /* CartViewController.swift in Sources */,
				D2F3321425B9446D0054F6DD /* CartProtocol.swift in Sources */,
				D2F331E625B7E77E0054F6DD /* UpperBelowView.swift in Sources */,
				D2F3322E25B9A4B60054F6DD /* UserDefault.swift in Sources */,
				D2E9297325B52C8200E13879 /* AppDelegate.swift in Sources */,
				D2E9297525B52C8200E13879 /* SceneDelegate.swift in Sources */,
				D2E929C625B5A15800E13879 /* EmoticonListTableViewController.swift in Sources */,
			);
			runOnlyForDeploymentPostprocessing = 0;
		};
		D2E9298125B52C8400E13879 /* Sources */ = {
			isa = PBXSourcesBuildPhase;
			buildActionMask = 2147483647;
			files = (
				D2E9298A25B52C8400E13879 /* EmoticonAppTests.swift in Sources */,
			);
			runOnlyForDeploymentPostprocessing = 0;
		};
		D2E9298C25B52C8400E13879 /* Sources */ = {
			isa = PBXSourcesBuildPhase;
			buildActionMask = 2147483647;
			files = (
				D2E9299525B52C8400E13879 /* EmoticonAppUITests.swift in Sources */,
			);
			runOnlyForDeploymentPostprocessing = 0;
		};
/* End PBXSourcesBuildPhase section */

/* Begin PBXTargetDependency section */
		D2E9298725B52C8400E13879 /* PBXTargetDependency */ = {
			isa = PBXTargetDependency;
			target = D2E9296E25B52C8200E13879 /* EmoticonApp */;
			targetProxy = D2E9298625B52C8400E13879 /* PBXContainerItemProxy */;
		};
		D2E9299225B52C8400E13879 /* PBXTargetDependency */ = {
			isa = PBXTargetDependency;
			target = D2E9296E25B52C8200E13879 /* EmoticonApp */;
			targetProxy = D2E9299125B52C8400E13879 /* PBXContainerItemProxy */;
		};
/* End PBXTargetDependency section */

/* Begin PBXVariantGroup section */
		D2E9297825B52C8200E13879 /* Main.storyboard */ = {
			isa = PBXVariantGroup;
			children = (
				D2E9297925B52C8200E13879 /* Base */,
			);
			name = Main.storyboard;
			sourceTree = "<group>";
		};
		D2E9297D25B52C8300E13879 /* LaunchScreen.storyboard */ = {
			isa = PBXVariantGroup;
			children = (
				D2E9297E25B52C8300E13879 /* Base */,
			);
			name = LaunchScreen.storyboard;
			sourceTree = "<group>";
		};
/* End PBXVariantGroup section */

/* Begin XCBuildConfiguration section */
		D2E9299725B52C8400E13879 /* Debug */ = {
			isa = XCBuildConfiguration;
			buildSettings = {
				ALWAYS_SEARCH_USER_PATHS = NO;
				CLANG_ANALYZER_NONNULL = YES;
				CLANG_ANALYZER_NUMBER_OBJECT_CONVERSION = YES_AGGRESSIVE;
				CLANG_CXX_LANGUAGE_STANDARD = "gnu++14";
				CLANG_CXX_LIBRARY = "libc++";
				CLANG_ENABLE_MODULES = YES;
				CLANG_ENABLE_OBJC_ARC = YES;
				CLANG_ENABLE_OBJC_WEAK = YES;
				CLANG_WARN_BLOCK_CAPTURE_AUTORELEASING = YES;
				CLANG_WARN_BOOL_CONVERSION = YES;
				CLANG_WARN_COMMA = YES;
				CLANG_WARN_CONSTANT_CONVERSION = YES;
				CLANG_WARN_DEPRECATED_OBJC_IMPLEMENTATIONS = YES;
				CLANG_WARN_DIRECT_OBJC_ISA_USAGE = YES_ERROR;
				CLANG_WARN_DOCUMENTATION_COMMENTS = YES;
				CLANG_WARN_EMPTY_BODY = YES;
				CLANG_WARN_ENUM_CONVERSION = YES;
				CLANG_WARN_INFINITE_RECURSION = YES;
				CLANG_WARN_INT_CONVERSION = YES;
				CLANG_WARN_NON_LITERAL_NULL_CONVERSION = YES;
				CLANG_WARN_OBJC_IMPLICIT_RETAIN_SELF = YES;
				CLANG_WARN_OBJC_LITERAL_CONVERSION = YES;
				CLANG_WARN_OBJC_ROOT_CLASS = YES_ERROR;
				CLANG_WARN_QUOTED_INCLUDE_IN_FRAMEWORK_HEADER = YES;
				CLANG_WARN_RANGE_LOOP_ANALYSIS = YES;
				CLANG_WARN_STRICT_PROTOTYPES = YES;
				CLANG_WARN_SUSPICIOUS_MOVE = YES;
				CLANG_WARN_UNGUARDED_AVAILABILITY = YES_AGGRESSIVE;
				CLANG_WARN_UNREACHABLE_CODE = YES;
				CLANG_WARN__DUPLICATE_METHOD_MATCH = YES;
				COPY_PHASE_STRIP = NO;
				DEBUG_INFORMATION_FORMAT = dwarf;
				ENABLE_STRICT_OBJC_MSGSEND = YES;
				ENABLE_TESTABILITY = YES;
				GCC_C_LANGUAGE_STANDARD = gnu11;
				GCC_DYNAMIC_NO_PIC = NO;
				GCC_NO_COMMON_BLOCKS = YES;
				GCC_OPTIMIZATION_LEVEL = 0;
				GCC_PREPROCESSOR_DEFINITIONS = (
					"DEBUG=1",
					"$(inherited)",
				);
				GCC_WARN_64_TO_32_BIT_CONVERSION = YES;
				GCC_WARN_ABOUT_RETURN_TYPE = YES_ERROR;
				GCC_WARN_UNDECLARED_SELECTOR = YES;
				GCC_WARN_UNINITIALIZED_AUTOS = YES_AGGRESSIVE;
				GCC_WARN_UNUSED_FUNCTION = YES;
				GCC_WARN_UNUSED_VARIABLE = YES;
				IPHONEOS_DEPLOYMENT_TARGET = 14.3;
				MTL_ENABLE_DEBUG_INFO = INCLUDE_SOURCE;
				MTL_FAST_MATH = YES;
				ONLY_ACTIVE_ARCH = YES;
				SDKROOT = iphoneos;
				SWIFT_ACTIVE_COMPILATION_CONDITIONS = DEBUG;
				SWIFT_OPTIMIZATION_LEVEL = "-Onone";
			};
			name = Debug;
		};
		D2E9299825B52C8400E13879 /* Release */ = {
			isa = XCBuildConfiguration;
			buildSettings = {
				ALWAYS_SEARCH_USER_PATHS = NO;
				CLANG_ANALYZER_NONNULL = YES;
				CLANG_ANALYZER_NUMBER_OBJECT_CONVERSION = YES_AGGRESSIVE;
				CLANG_CXX_LANGUAGE_STANDARD = "gnu++14";
				CLANG_CXX_LIBRARY = "libc++";
				CLANG_ENABLE_MODULES = YES;
				CLANG_ENABLE_OBJC_ARC = YES;
				CLANG_ENABLE_OBJC_WEAK = YES;
				CLANG_WARN_BLOCK_CAPTURE_AUTORELEASING = YES;
				CLANG_WARN_BOOL_CONVERSION = YES;
				CLANG_WARN_COMMA = YES;
				CLANG_WARN_CONSTANT_CONVERSION = YES;
				CLANG_WARN_DEPRECATED_OBJC_IMPLEMENTATIONS = YES;
				CLANG_WARN_DIRECT_OBJC_ISA_USAGE = YES_ERROR;
				CLANG_WARN_DOCUMENTATION_COMMENTS = YES;
				CLANG_WARN_EMPTY_BODY = YES;
				CLANG_WARN_ENUM_CONVERSION = YES;
				CLANG_WARN_INFINITE_RECURSION = YES;
				CLANG_WARN_INT_CONVERSION = YES;
				CLANG_WARN_NON_LITERAL_NULL_CONVERSION = YES;
				CLANG_WARN_OBJC_IMPLICIT_RETAIN_SELF = YES;
				CLANG_WARN_OBJC_LITERAL_CONVERSION = YES;
				CLANG_WARN_OBJC_ROOT_CLASS = YES_ERROR;
				CLANG_WARN_QUOTED_INCLUDE_IN_FRAMEWORK_HEADER = YES;
				CLANG_WARN_RANGE_LOOP_ANALYSIS = YES;
				CLANG_WARN_STRICT_PROTOTYPES = YES;
				CLANG_WARN_SUSPICIOUS_MOVE = YES;
				CLANG_WARN_UNGUARDED_AVAILABILITY = YES_AGGRESSIVE;
				CLANG_WARN_UNREACHABLE_CODE = YES;
				CLANG_WARN__DUPLICATE_METHOD_MATCH = YES;
				COPY_PHASE_STRIP = NO;
				DEBUG_INFORMATION_FORMAT = "dwarf-with-dsym";
				ENABLE_NS_ASSERTIONS = NO;
				ENABLE_STRICT_OBJC_MSGSEND = YES;
				GCC_C_LANGUAGE_STANDARD = gnu11;
				GCC_NO_COMMON_BLOCKS = YES;
				GCC_WARN_64_TO_32_BIT_CONVERSION = YES;
				GCC_WARN_ABOUT_RETURN_TYPE = YES_ERROR;
				GCC_WARN_UNDECLARED_SELECTOR = YES;
				GCC_WARN_UNINITIALIZED_AUTOS = YES_AGGRESSIVE;
				GCC_WARN_UNUSED_FUNCTION = YES;
				GCC_WARN_UNUSED_VARIABLE = YES;
				IPHONEOS_DEPLOYMENT_TARGET = 14.3;
				MTL_ENABLE_DEBUG_INFO = NO;
				MTL_FAST_MATH = YES;
				SDKROOT = iphoneos;
				SWIFT_COMPILATION_MODE = wholemodule;
				SWIFT_OPTIMIZATION_LEVEL = "-O";
				VALIDATE_PRODUCT = YES;
			};
			name = Release;
		};
		D2E9299A25B52C8400E13879 /* Debug */ = {
			isa = XCBuildConfiguration;
			buildSettings = {
				ASSETCATALOG_COMPILER_APPICON_NAME = AppIcon;
				ASSETCATALOG_COMPILER_GLOBAL_ACCENT_COLOR_NAME = AccentColor;
				CODE_SIGN_STYLE = Automatic;
				INFOPLIST_FILE = EmoticonApp/Info.plist;
				LD_RUNPATH_SEARCH_PATHS = (
					"$(inherited)",
					"@executable_path/Frameworks",
				);
				PRODUCT_BUNDLE_IDENTIFIER = com.kakaocorp.EmoticonApp;
				PRODUCT_NAME = "$(TARGET_NAME)";
				SWIFT_VERSION = 5.0;
				TARGETED_DEVICE_FAMILY = "1,2";
			};
			name = Debug;
		};
		D2E9299B25B52C8400E13879 /* Release */ = {
			isa = XCBuildConfiguration;
			buildSettings = {
				ASSETCATALOG_COMPILER_APPICON_NAME = AppIcon;
				ASSETCATALOG_COMPILER_GLOBAL_ACCENT_COLOR_NAME = AccentColor;
				CODE_SIGN_STYLE = Automatic;
				INFOPLIST_FILE = EmoticonApp/Info.plist;
				LD_RUNPATH_SEARCH_PATHS = (
					"$(inherited)",
					"@executable_path/Frameworks",
				);
				PRODUCT_BUNDLE_IDENTIFIER = com.kakaocorp.EmoticonApp;
				PRODUCT_NAME = "$(TARGET_NAME)";
				SWIFT_VERSION = 5.0;
				TARGETED_DEVICE_FAMILY = "1,2";
			};
			name = Release;
		};
		D2E9299D25B52C8400E13879 /* Debug */ = {
			isa = XCBuildConfiguration;
			buildSettings = {
				ALWAYS_EMBED_SWIFT_STANDARD_LIBRARIES = YES;
				BUNDLE_LOADER = "$(TEST_HOST)";
				CODE_SIGN_STYLE = Automatic;
				INFOPLIST_FILE = EmoticonAppTests/Info.plist;
				IPHONEOS_DEPLOYMENT_TARGET = 14.3;
				LD_RUNPATH_SEARCH_PATHS = (
					"$(inherited)",
					"@executable_path/Frameworks",
					"@loader_path/Frameworks",
				);
				PRODUCT_BUNDLE_IDENTIFIER = com.kakaocorp.EmoticonAppTests;
				PRODUCT_NAME = "$(TARGET_NAME)";
				SWIFT_VERSION = 5.0;
				TARGETED_DEVICE_FAMILY = "1,2";
				TEST_HOST = "$(BUILT_PRODUCTS_DIR)/EmoticonApp.app/EmoticonApp";
			};
			name = Debug;
		};
		D2E9299E25B52C8400E13879 /* Release */ = {
			isa = XCBuildConfiguration;
			buildSettings = {
				ALWAYS_EMBED_SWIFT_STANDARD_LIBRARIES = YES;
				BUNDLE_LOADER = "$(TEST_HOST)";
				CODE_SIGN_STYLE = Automatic;
				INFOPLIST_FILE = EmoticonAppTests/Info.plist;
				IPHONEOS_DEPLOYMENT_TARGET = 14.3;
				LD_RUNPATH_SEARCH_PATHS = (
					"$(inherited)",
					"@executable_path/Frameworks",
					"@loader_path/Frameworks",
				);
				PRODUCT_BUNDLE_IDENTIFIER = com.kakaocorp.EmoticonAppTests;
				PRODUCT_NAME = "$(TARGET_NAME)";
				SWIFT_VERSION = 5.0;
				TARGETED_DEVICE_FAMILY = "1,2";
				TEST_HOST = "$(BUILT_PRODUCTS_DIR)/EmoticonApp.app/EmoticonApp";
			};
			name = Release;
		};
		D2E929A025B52C8400E13879 /* Debug */ = {
			isa = XCBuildConfiguration;
			buildSettings = {
				ALWAYS_EMBED_SWIFT_STANDARD_LIBRARIES = YES;
				CODE_SIGN_STYLE = Automatic;
				INFOPLIST_FILE = EmoticonAppUITests/Info.plist;
				LD_RUNPATH_SEARCH_PATHS = (
					"$(inherited)",
					"@executable_path/Frameworks",
					"@loader_path/Frameworks",
				);
				PRODUCT_BUNDLE_IDENTIFIER = com.kakaocorp.EmoticonAppUITests;
				PRODUCT_NAME = "$(TARGET_NAME)";
				SWIFT_VERSION = 5.0;
				TARGETED_DEVICE_FAMILY = "1,2";
				TEST_TARGET_NAME = EmoticonApp;
			};
			name = Debug;
		};
		D2E929A125B52C8400E13879 /* Release */ = {
			isa = XCBuildConfiguration;
			buildSettings = {
				ALWAYS_EMBED_SWIFT_STANDARD_LIBRARIES = YES;
				CODE_SIGN_STYLE = Automatic;
				INFOPLIST_FILE = EmoticonAppUITests/Info.plist;
				LD_RUNPATH_SEARCH_PATHS = (
					"$(inherited)",
					"@executable_path/Frameworks",
					"@loader_path/Frameworks",
				);
				PRODUCT_BUNDLE_IDENTIFIER = com.kakaocorp.EmoticonAppUITests;
				PRODUCT_NAME = "$(TARGET_NAME)";
				SWIFT_VERSION = 5.0;
				TARGETED_DEVICE_FAMILY = "1,2";
				TEST_TARGET_NAME = EmoticonApp;
			};
			name = Release;
		};
/* End XCBuildConfiguration section */

/* Begin XCConfigurationList section */
		D2E9296A25B52C8200E13879 /* Build configuration list for PBXProject "EmoticonApp" */ = {
			isa = XCConfigurationList;
			buildConfigurations = (
				D2E9299725B52C8400E13879 /* Debug */,
				D2E9299825B52C8400E13879 /* Release */,
			);
			defaultConfigurationIsVisible = 0;
			defaultConfigurationName = Release;
		};
		D2E9299925B52C8400E13879 /* Build configuration list for PBXNativeTarget "EmoticonApp" */ = {
			isa = XCConfigurationList;
			buildConfigurations = (
				D2E9299A25B52C8400E13879 /* Debug */,
				D2E9299B25B52C8400E13879 /* Release */,
			);
			defaultConfigurationIsVisible = 0;
			defaultConfigurationName = Release;
		};
		D2E9299C25B52C8400E13879 /* Build configuration list for PBXNativeTarget "EmoticonAppTests" */ = {
			isa = XCConfigurationList;
			buildConfigurations = (
				D2E9299D25B52C8400E13879 /* Debug */,
				D2E9299E25B52C8400E13879 /* Release */,
			);
			defaultConfigurationIsVisible = 0;
			defaultConfigurationName = Release;
		};
		D2E9299F25B52C8400E13879 /* Build configuration list for PBXNativeTarget "EmoticonAppUITests" */ = {
			isa = XCConfigurationList;
			buildConfigurations = (
				D2E929A025B52C8400E13879 /* Debug */,
				D2E929A125B52C8400E13879 /* Release */,
			);
			defaultConfigurationIsVisible = 0;
			defaultConfigurationName = Release;
		};
/* End XCConfigurationList section */
	};
	rootObject = D2E9296725B52C8200E13879 /* Project object */;
}
