// !$*UTF8*$!
{
	archiveVersion = 1;
	classes = {
	};
	objectVersion = 50;
	objects = {

/* Begin PBXBuildFile section */
		C23A054B25B9312D007339BD /* CartTest.swift in Sources */ = {isa = PBXBuildFile; fileRef = C23A054A25B9312D007339BD /* CartTest.swift */; };
		C23A055625B9313B007339BD /* Cart.swift in Sources */ = {isa = PBXBuildFile; fileRef = C2E632F625B69764005B2733 /* Cart.swift */; };
		C23A055B25B93140007339BD /* UserDefault.swift in Sources */ = {isa = PBXBuildFile; fileRef = C2E6332925B6B009005B2733 /* UserDefault.swift */; };
		C2E6325425B51D6D005B2733 /* AppDelegate.swift in Sources */ = {isa = PBXBuildFile; fileRef = C2E6325325B51D6D005B2733 /* AppDelegate.swift */; };
		C2E6325625B51D6D005B2733 /* SceneDelegate.swift in Sources */ = {isa = PBXBuildFile; fileRef = C2E6325525B51D6D005B2733 /* SceneDelegate.swift */; };
		C2E6325825B51D6D005B2733 /* EmoticonViewController.swift in Sources */ = {isa = PBXBuildFile; fileRef = C2E6325725B51D6D005B2733 /* EmoticonViewController.swift */; };
		C2E6325B25B51D6D005B2733 /* Main.storyboard in Resources */ = {isa = PBXBuildFile; fileRef = C2E6325925B51D6D005B2733 /* Main.storyboard */; };
		C2E6325D25B51D6E005B2733 /* Assets.xcassets in Resources */ = {isa = PBXBuildFile; fileRef = C2E6325C25B51D6E005B2733 /* Assets.xcassets */; };
		C2E6326025B51D6E005B2733 /* LaunchScreen.storyboard in Resources */ = {isa = PBXBuildFile; fileRef = C2E6325E25B51D6E005B2733 /* LaunchScreen.storyboard */; };
		C2E6326B25B51D6E005B2733 /* EmoticonAppTests.swift in Sources */ = {isa = PBXBuildFile; fileRef = C2E6326A25B51D6E005B2733 /* EmoticonAppTests.swift */; };
		C2E6327625B51D6E005B2733 /* EmoticonAppUITests.swift in Sources */ = {isa = PBXBuildFile; fileRef = C2E6327525B51D6E005B2733 /* EmoticonAppUITests.swift */; };
		C2E6328825B571B3005B2733 /* Shop.swift in Sources */ = {isa = PBXBuildFile; fileRef = C2E6328725B571B3005B2733 /* Shop.swift */; };
		C2E632A725B573CC005B2733 /* EmoticonTableViewCell.swift in Sources */ = {isa = PBXBuildFile; fileRef = C2E632A525B573CC005B2733 /* EmoticonTableViewCell.swift */; };
		C2E632A825B573CC005B2733 /* EmoticonTableViewCell.xib in Resources */ = {isa = PBXBuildFile; fileRef = C2E632A625B573CC005B2733 /* EmoticonTableViewCell.xib */; };
		C2E632BB25B5769E005B2733 /* EmoticonHeaderCell.xib in Resources */ = {isa = PBXBuildFile; fileRef = C2E632BA25B5769E005B2733 /* EmoticonHeaderCell.xib */; };
		C2E632C325B576EC005B2733 /* EmoticonHeaderCell.swift in Sources */ = {isa = PBXBuildFile; fileRef = C2E632C225B576EC005B2733 /* EmoticonHeaderCell.swift */; };
		C2E632EF25B69518005B2733 /* HistoryViewController.swift in Sources */ = {isa = PBXBuildFile; fileRef = C2E632EE25B69518005B2733 /* HistoryViewController.swift */; };
		C2E632F725B69764005B2733 /* Cart.swift in Sources */ = {isa = PBXBuildFile; fileRef = C2E632F625B69764005B2733 /* Cart.swift */; };
		C2E6330825B69C80005B2733 /* HistoryTableViewCell.swift in Sources */ = {isa = PBXBuildFile; fileRef = C2E6330625B69C80005B2733 /* HistoryTableViewCell.swift */; };
		C2E6330925B69C80005B2733 /* HistoryTableViewCell.xib in Resources */ = {isa = PBXBuildFile; fileRef = C2E6330725B69C80005B2733 /* HistoryTableViewCell.xib */; };
		C2E6331425B69E15005B2733 /* UITableViewCell+.swift in Sources */ = {isa = PBXBuildFile; fileRef = C2E6331325B69E15005B2733 /* UITableViewCell+.swift */; };
		C2E6332425B6A766005B2733 /* UIViewController+.swift in Sources */ = {isa = PBXBuildFile; fileRef = C2E6332325B6A766005B2733 /* UIViewController+.swift */; };
		C2E6332A25B6B009005B2733 /* UserDefault.swift in Sources */ = {isa = PBXBuildFile; fileRef = C2E6332925B6B009005B2733 /* UserDefault.swift */; };
		C2E6333B25B81220005B2733 /* Emoticon.swift in Sources */ = {isa = PBXBuildFile; fileRef = C2E6333A25B81220005B2733 /* Emoticon.swift */; };
/* End PBXBuildFile section */

/* Begin PBXContainerItemProxy section */
		C23A054D25B9312D007339BD /* PBXContainerItemProxy */ = {
			isa = PBXContainerItemProxy;
			containerPortal = C2E6324825B51D6D005B2733 /* Project object */;
			proxyType = 1;
			remoteGlobalIDString = C2E6324F25B51D6D005B2733;
			remoteInfo = EmoticonApp;
		};
		C2E6326725B51D6E005B2733 /* PBXContainerItemProxy */ = {
			isa = PBXContainerItemProxy;
			containerPortal = C2E6324825B51D6D005B2733 /* Project object */;
			proxyType = 1;
			remoteGlobalIDString = C2E6324F25B51D6D005B2733;
			remoteInfo = EmoticonApp;
		};
		C2E6327225B51D6E005B2733 /* PBXContainerItemProxy */ = {
			isa = PBXContainerItemProxy;
			containerPortal = C2E6324825B51D6D005B2733 /* Project object */;
			proxyType = 1;
			remoteGlobalIDString = C2E6324F25B51D6D005B2733;
			remoteInfo = EmoticonApp;
		};
/* End PBXContainerItemProxy section */

/* Begin PBXFileReference section */
		C23A054825B9312D007339BD /* CartTest.xctest */ = {isa = PBXFileReference; explicitFileType = wrapper.cfbundle; includeInIndex = 0; path = CartTest.xctest; sourceTree = BUILT_PRODUCTS_DIR; };
		C23A054A25B9312D007339BD /* CartTest.swift */ = {isa = PBXFileReference; lastKnownFileType = sourcecode.swift; path = CartTest.swift; sourceTree = "<group>"; };
		C23A054C25B9312D007339BD /* Info.plist */ = {isa = PBXFileReference; lastKnownFileType = text.plist.xml; path = Info.plist; sourceTree = "<group>"; };
		C2E6325025B51D6D005B2733 /* EmoticonApp.app */ = {isa = PBXFileReference; explicitFileType = wrapper.application; includeInIndex = 0; path = EmoticonApp.app; sourceTree = BUILT_PRODUCTS_DIR; };
		C2E6325325B51D6D005B2733 /* AppDelegate.swift */ = {isa = PBXFileReference; lastKnownFileType = sourcecode.swift; path = AppDelegate.swift; sourceTree = "<group>"; };
		C2E6325525B51D6D005B2733 /* SceneDelegate.swift */ = {isa = PBXFileReference; lastKnownFileType = sourcecode.swift; path = SceneDelegate.swift; sourceTree = "<group>"; };
		C2E6325725B51D6D005B2733 /* EmoticonViewController.swift */ = {isa = PBXFileReference; lastKnownFileType = sourcecode.swift; path = EmoticonViewController.swift; sourceTree = "<group>"; };
		C2E6325A25B51D6D005B2733 /* Base */ = {isa = PBXFileReference; lastKnownFileType = file.storyboard; name = Base; path = Base.lproj/Main.storyboard; sourceTree = "<group>"; };
		C2E6325C25B51D6E005B2733 /* Assets.xcassets */ = {isa = PBXFileReference; lastKnownFileType = folder.assetcatalog; path = Assets.xcassets; sourceTree = "<group>"; };
		C2E6325F25B51D6E005B2733 /* Base */ = {isa = PBXFileReference; lastKnownFileType = file.storyboard; name = Base; path = Base.lproj/LaunchScreen.storyboard; sourceTree = "<group>"; };
		C2E6326125B51D6E005B2733 /* Info.plist */ = {isa = PBXFileReference; lastKnownFileType = text.plist.xml; path = Info.plist; sourceTree = "<group>"; };
		C2E6326625B51D6E005B2733 /* EmoticonAppTests.xctest */ = {isa = PBXFileReference; explicitFileType = wrapper.cfbundle; includeInIndex = 0; path = EmoticonAppTests.xctest; sourceTree = BUILT_PRODUCTS_DIR; };
		C2E6326A25B51D6E005B2733 /* EmoticonAppTests.swift */ = {isa = PBXFileReference; lastKnownFileType = sourcecode.swift; path = EmoticonAppTests.swift; sourceTree = "<group>"; };
		C2E6326C25B51D6E005B2733 /* Info.plist */ = {isa = PBXFileReference; lastKnownFileType = text.plist.xml; path = Info.plist; sourceTree = "<group>"; };
		C2E6327125B51D6E005B2733 /* EmoticonAppUITests.xctest */ = {isa = PBXFileReference; explicitFileType = wrapper.cfbundle; includeInIndex = 0; path = EmoticonAppUITests.xctest; sourceTree = BUILT_PRODUCTS_DIR; };
		C2E6327525B51D6E005B2733 /* EmoticonAppUITests.swift */ = {isa = PBXFileReference; lastKnownFileType = sourcecode.swift; path = EmoticonAppUITests.swift; sourceTree = "<group>"; };
		C2E6327725B51D6E005B2733 /* Info.plist */ = {isa = PBXFileReference; lastKnownFileType = text.plist.xml; path = Info.plist; sourceTree = "<group>"; };
		C2E6328725B571B3005B2733 /* Shop.swift */ = {isa = PBXFileReference; lastKnownFileType = sourcecode.swift; path = Shop.swift; sourceTree = "<group>"; };
		C2E632A525B573CC005B2733 /* EmoticonTableViewCell.swift */ = {isa = PBXFileReference; lastKnownFileType = sourcecode.swift; path = EmoticonTableViewCell.swift; sourceTree = "<group>"; };
		C2E632A625B573CC005B2733 /* EmoticonTableViewCell.xib */ = {isa = PBXFileReference; lastKnownFileType = file.xib; path = EmoticonTableViewCell.xib; sourceTree = "<group>"; };
		C2E632BA25B5769E005B2733 /* EmoticonHeaderCell.xib */ = {isa = PBXFileReference; lastKnownFileType = file.xib; path = EmoticonHeaderCell.xib; sourceTree = "<group>"; };
		C2E632C225B576EC005B2733 /* EmoticonHeaderCell.swift */ = {isa = PBXFileReference; lastKnownFileType = sourcecode.swift; path = EmoticonHeaderCell.swift; sourceTree = "<group>"; };
		C2E632EE25B69518005B2733 /* HistoryViewController.swift */ = {isa = PBXFileReference; lastKnownFileType = sourcecode.swift; path = HistoryViewController.swift; sourceTree = "<group>"; };
		C2E632F625B69764005B2733 /* Cart.swift */ = {isa = PBXFileReference; lastKnownFileType = sourcecode.swift; path = Cart.swift; sourceTree = "<group>"; };
		C2E6330625B69C80005B2733 /* HistoryTableViewCell.swift */ = {isa = PBXFileReference; lastKnownFileType = sourcecode.swift; path = HistoryTableViewCell.swift; sourceTree = "<group>"; };
		C2E6330725B69C80005B2733 /* HistoryTableViewCell.xib */ = {isa = PBXFileReference; lastKnownFileType = file.xib; path = HistoryTableViewCell.xib; sourceTree = "<group>"; };
		C2E6331325B69E15005B2733 /* UITableViewCell+.swift */ = {isa = PBXFileReference; lastKnownFileType = sourcecode.swift; path = "UITableViewCell+.swift"; sourceTree = "<group>"; };
		C2E6332325B6A766005B2733 /* UIViewController+.swift */ = {isa = PBXFileReference; lastKnownFileType = sourcecode.swift; path = "UIViewController+.swift"; sourceTree = "<group>"; };
		C2E6332925B6B009005B2733 /* UserDefault.swift */ = {isa = PBXFileReference; lastKnownFileType = sourcecode.swift; path = UserDefault.swift; sourceTree = "<group>"; };
		C2E6333A25B81220005B2733 /* Emoticon.swift */ = {isa = PBXFileReference; lastKnownFileType = sourcecode.swift; path = Emoticon.swift; sourceTree = "<group>"; };
/* End PBXFileReference section */

/* Begin PBXFrameworksBuildPhase section */
		C23A054525B9312D007339BD /* Frameworks */ = {
			isa = PBXFrameworksBuildPhase;
			buildActionMask = 2147483647;
			files = (
			);
			runOnlyForDeploymentPostprocessing = 0;
		};
		C2E6324D25B51D6D005B2733 /* Frameworks */ = {
			isa = PBXFrameworksBuildPhase;
			buildActionMask = 2147483647;
			files = (
			);
			runOnlyForDeploymentPostprocessing = 0;
		};
		C2E6326325B51D6E005B2733 /* Frameworks */ = {
			isa = PBXFrameworksBuildPhase;
			buildActionMask = 2147483647;
			files = (
			);
			runOnlyForDeploymentPostprocessing = 0;
		};
		C2E6326E25B51D6E005B2733 /* Frameworks */ = {
			isa = PBXFrameworksBuildPhase;
			buildActionMask = 2147483647;
			files = (
			);
			runOnlyForDeploymentPostprocessing = 0;
		};
/* End PBXFrameworksBuildPhase section */

/* Begin PBXGroup section */
		C23A054925B9312D007339BD /* CartTest */ = {
			isa = PBXGroup;
			children = (
				C23A054A25B9312D007339BD /* CartTest.swift */,
				C23A054C25B9312D007339BD /* Info.plist */,
			);
			path = CartTest;
			sourceTree = "<group>";
		};
		C2E6324725B51D6D005B2733 = {
			isa = PBXGroup;
			children = (
				C2E6325225B51D6D005B2733 /* EmoticonApp */,
				C2E6326925B51D6E005B2733 /* EmoticonAppTests */,
				C2E6327425B51D6E005B2733 /* EmoticonAppUITests */,
				C23A054925B9312D007339BD /* CartTest */,
				C2E6325125B51D6D005B2733 /* Products */,
			);
			sourceTree = "<group>";
		};
		C2E6325125B51D6D005B2733 /* Products */ = {
			isa = PBXGroup;
			children = (
				C2E6325025B51D6D005B2733 /* EmoticonApp.app */,
				C2E6326625B51D6E005B2733 /* EmoticonAppTests.xctest */,
				C2E6327125B51D6E005B2733 /* EmoticonAppUITests.xctest */,
				C23A054825B9312D007339BD /* CartTest.xctest */,
			);
			name = Products;
			sourceTree = "<group>";
		};
		C2E6325225B51D6D005B2733 /* EmoticonApp */ = {
			isa = PBXGroup;
			children = (
				C2E632D025B58122005B2733 /* Extension */,
				C2E632A125B572FA005B2733 /* View */,
				C2E6328625B571A7005B2733 /* Data */,
				C2E6325325B51D6D005B2733 /* AppDelegate.swift */,
				C2E6325525B51D6D005B2733 /* SceneDelegate.swift */,
				C2E6325925B51D6D005B2733 /* Main.storyboard */,
				C2E6325C25B51D6E005B2733 /* Assets.xcassets */,
				C2E6325E25B51D6E005B2733 /* LaunchScreen.storyboard */,
				C2E6326125B51D6E005B2733 /* Info.plist */,
			);
			path = EmoticonApp;
			sourceTree = "<group>";
		};
		C2E6326925B51D6E005B2733 /* EmoticonAppTests */ = {
			isa = PBXGroup;
			children = (
				C2E6326A25B51D6E005B2733 /* EmoticonAppTests.swift */,
				C2E6326C25B51D6E005B2733 /* Info.plist */,
			);
			path = EmoticonAppTests;
			sourceTree = "<group>";
		};
		C2E6327425B51D6E005B2733 /* EmoticonAppUITests */ = {
			isa = PBXGroup;
			children = (
				C2E6327525B51D6E005B2733 /* EmoticonAppUITests.swift */,
				C2E6327725B51D6E005B2733 /* Info.plist */,
			);
			path = EmoticonAppUITests;
			sourceTree = "<group>";
		};
		C2E6328625B571A7005B2733 /* Data */ = {
			isa = PBXGroup;
			children = (
				C2E6328725B571B3005B2733 /* Shop.swift */,
				C2E632F625B69764005B2733 /* Cart.swift */,
				C2E6334825B81441005B2733 /* Entity */,
				C2E6332825B6AFFD005B2733 /* DAO */,
			);
			name = Data;
			path = EmoticonApp/Data;
			sourceTree = SOURCE_ROOT;
		};
		C2E6329225B5723D005B2733 /* Emoticon */ = {
			isa = PBXGroup;
			children = (
				C2E6325725B51D6D005B2733 /* EmoticonViewController.swift */,
				C2E632A525B573CC005B2733 /* EmoticonTableViewCell.swift */,
				C2E632A625B573CC005B2733 /* EmoticonTableViewCell.xib */,
				C2E632C225B576EC005B2733 /* EmoticonHeaderCell.swift */,
				C2E632BA25B5769E005B2733 /* EmoticonHeaderCell.xib */,
			);
			path = Emoticon;
			sourceTree = "<group>";
		};
		C2E632A125B572FA005B2733 /* View */ = {
			isa = PBXGroup;
			children = (
				C2E632ED25B6820D005B2733 /* History */,
				C2E6329225B5723D005B2733 /* Emoticon */,
			);
			path = View;
			sourceTree = "<group>";
		};
		C2E632D025B58122005B2733 /* Extension */ = {
			isa = PBXGroup;
			children = (
				C2E6331325B69E15005B2733 /* UITableViewCell+.swift */,
				C2E6332325B6A766005B2733 /* UIViewController+.swift */,
			);
			path = Extension;
			sourceTree = "<group>";
		};
		C2E632ED25B6820D005B2733 /* History */ = {
			isa = PBXGroup;
			children = (
				C2E632EE25B69518005B2733 /* HistoryViewController.swift */,
				C2E6330625B69C80005B2733 /* HistoryTableViewCell.swift */,
				C2E6330725B69C80005B2733 /* HistoryTableViewCell.xib */,
			);
			path = History;
			sourceTree = "<group>";
		};
		C2E6332825B6AFFD005B2733 /* DAO */ = {
			isa = PBXGroup;
			children = (
				C2E6332925B6B009005B2733 /* UserDefault.swift */,
			);
			path = DAO;
			sourceTree = "<group>";
		};
		C2E6334825B81441005B2733 /* Entity */ = {
			isa = PBXGroup;
			children = (
				C2E6333A25B81220005B2733 /* Emoticon.swift */,
			);
			path = Entity;
			sourceTree = "<group>";
		};
/* End PBXGroup section */

/* Begin PBXNativeTarget section */
		C23A054725B9312D007339BD /* CartTest */ = {
			isa = PBXNativeTarget;
			buildConfigurationList = C23A055125B9312D007339BD /* Build configuration list for PBXNativeTarget "CartTest" */;
			buildPhases = (
				C23A054425B9312D007339BD /* Sources */,
				C23A054525B9312D007339BD /* Frameworks */,
				C23A054625B9312D007339BD /* Resources */,
			);
			buildRules = (
			);
			dependencies = (
				C23A054E25B9312D007339BD /* PBXTargetDependency */,
			);
			name = CartTest;
			productName = CartTest;
			productReference = C23A054825B9312D007339BD /* CartTest.xctest */;
			productType = "com.apple.product-type.bundle.unit-test";
		};
		C2E6324F25B51D6D005B2733 /* EmoticonApp */ = {
			isa = PBXNativeTarget;
			buildConfigurationList = C2E6327A25B51D6E005B2733 /* Build configuration list for PBXNativeTarget "EmoticonApp" */;
			buildPhases = (
				C2E6324C25B51D6D005B2733 /* Sources */,
				C2E6324D25B51D6D005B2733 /* Frameworks */,
				C2E6324E25B51D6D005B2733 /* Resources */,
			);
			buildRules = (
			);
			dependencies = (
			);
			name = EmoticonApp;
			productName = EmoticonApp;
			productReference = C2E6325025B51D6D005B2733 /* EmoticonApp.app */;
			productType = "com.apple.product-type.application";
		};
		C2E6326525B51D6E005B2733 /* EmoticonAppTests */ = {
			isa = PBXNativeTarget;
			buildConfigurationList = C2E6327D25B51D6E005B2733 /* Build configuration list for PBXNativeTarget "EmoticonAppTests" */;
			buildPhases = (
				C2E6326225B51D6E005B2733 /* Sources */,
				C2E6326325B51D6E005B2733 /* Frameworks */,
				C2E6326425B51D6E005B2733 /* Resources */,
			);
			buildRules = (
			);
			dependencies = (
				C2E6326825B51D6E005B2733 /* PBXTargetDependency */,
			);
			name = EmoticonAppTests;
			productName = EmoticonAppTests;
			productReference = C2E6326625B51D6E005B2733 /* EmoticonAppTests.xctest */;
			productType = "com.apple.product-type.bundle.unit-test";
		};
		C2E6327025B51D6E005B2733 /* EmoticonAppUITests */ = {
			isa = PBXNativeTarget;
			buildConfigurationList = C2E6328025B51D6E005B2733 /* Build configuration list for PBXNativeTarget "EmoticonAppUITests" */;
			buildPhases = (
				C2E6326D25B51D6E005B2733 /* Sources */,
				C2E6326E25B51D6E005B2733 /* Frameworks */,
				C2E6326F25B51D6E005B2733 /* Resources */,
			);
			buildRules = (
			);
			dependencies = (
				C2E6327325B51D6E005B2733 /* PBXTargetDependency */,
			);
			name = EmoticonAppUITests;
			productName = EmoticonAppUITests;
			productReference = C2E6327125B51D6E005B2733 /* EmoticonAppUITests.xctest */;
			productType = "com.apple.product-type.bundle.ui-testing";
		};
/* End PBXNativeTarget section */

/* Begin PBXProject section */
		C2E6324825B51D6D005B2733 /* Project object */ = {
			isa = PBXProject;
			attributes = {
				LastSwiftUpdateCheck = 1230;
				LastUpgradeCheck = 1230;
				TargetAttributes = {
					C23A054725B9312D007339BD = {
						CreatedOnToolsVersion = 12.3;
						TestTargetID = C2E6324F25B51D6D005B2733;
					};
					C2E6324F25B51D6D005B2733 = {
						CreatedOnToolsVersion = 12.3;
					};
					C2E6326525B51D6E005B2733 = {
						CreatedOnToolsVersion = 12.3;
						TestTargetID = C2E6324F25B51D6D005B2733;
					};
					C2E6327025B51D6E005B2733 = {
						CreatedOnToolsVersion = 12.3;
						TestTargetID = C2E6324F25B51D6D005B2733;
					};
				};
			};
			buildConfigurationList = C2E6324B25B51D6D005B2733 /* Build configuration list for PBXProject "EmoticonApp" */;
			compatibilityVersion = "Xcode 9.3";
			developmentRegion = en;
			hasScannedForEncodings = 0;
			knownRegions = (
				en,
				Base,
			);
			mainGroup = C2E6324725B51D6D005B2733;
			productRefGroup = C2E6325125B51D6D005B2733 /* Products */;
			projectDirPath = "";
			projectRoot = "";
			targets = (
				C2E6324F25B51D6D005B2733 /* EmoticonApp */,
				C2E6326525B51D6E005B2733 /* EmoticonAppTests */,
				C2E6327025B51D6E005B2733 /* EmoticonAppUITests */,
				C23A054725B9312D007339BD /* CartTest */,
			);
		};
/* End PBXProject section */

/* Begin PBXResourcesBuildPhase section */
		C23A054625B9312D007339BD /* Resources */ = {
			isa = PBXResourcesBuildPhase;
			buildActionMask = 2147483647;
			files = (
			);
			runOnlyForDeploymentPostprocessing = 0;
		};
		C2E6324E25B51D6D005B2733 /* Resources */ = {
			isa = PBXResourcesBuildPhase;
			buildActionMask = 2147483647;
			files = (
				C2E6326025B51D6E005B2733 /* LaunchScreen.storyboard in Resources */,
				C2E632BB25B5769E005B2733 /* EmoticonHeaderCell.xib in Resources */,
				C2E6325D25B51D6E005B2733 /* Assets.xcassets in Resources */,
				C2E6325B25B51D6D005B2733 /* Main.storyboard in Resources */,
				C2E6330925B69C80005B2733 /* HistoryTableViewCell.xib in Resources */,
				C2E632A825B573CC005B2733 /* EmoticonTableViewCell.xib in Resources */,
			);
			runOnlyForDeploymentPostprocessing = 0;
		};
		C2E6326425B51D6E005B2733 /* Resources */ = {
			isa = PBXResourcesBuildPhase;
			buildActionMask = 2147483647;
			files = (
			);
			runOnlyForDeploymentPostprocessing = 0;
		};
		C2E6326F25B51D6E005B2733 /* Resources */ = {
			isa = PBXResourcesBuildPhase;
			buildActionMask = 2147483647;
			files = (
			);
			runOnlyForDeploymentPostprocessing = 0;
		};
/* End PBXResourcesBuildPhase section */

/* Begin PBXSourcesBuildPhase section */
		C23A054425B9312D007339BD /* Sources */ = {
			isa = PBXSourcesBuildPhase;
			buildActionMask = 2147483647;
			files = (
				C23A054B25B9312D007339BD /* CartTest.swift in Sources */,
				C23A055625B9313B007339BD /* Cart.swift in Sources */,
				C23A055B25B93140007339BD /* UserDefault.swift in Sources */,
			);
			runOnlyForDeploymentPostprocessing = 0;
		};
		C2E6324C25B51D6D005B2733 /* Sources */ = {
			isa = PBXSourcesBuildPhase;
			buildActionMask = 2147483647;
			files = (
				C2E6333B25B81220005B2733 /* Emoticon.swift in Sources */,
				C2E6330825B69C80005B2733 /* HistoryTableViewCell.swift in Sources */,
				C2E6325825B51D6D005B2733 /* EmoticonViewController.swift in Sources */,
				C2E6332A25B6B009005B2733 /* UserDefault.swift in Sources */,
				C2E6332425B6A766005B2733 /* UIViewController+.swift in Sources */,
				C2E632F725B69764005B2733 /* Cart.swift in Sources */,
				C2E6331425B69E15005B2733 /* UITableViewCell+.swift in Sources */,
				C2E6325425B51D6D005B2733 /* AppDelegate.swift in Sources */,
				C2E6325625B51D6D005B2733 /* SceneDelegate.swift in Sources */,
				C2E632A725B573CC005B2733 /* EmoticonTableViewCell.swift in Sources */,
				C2E632C325B576EC005B2733 /* EmoticonHeaderCell.swift in Sources */,
				C2E6328825B571B3005B2733 /* Shop.swift in Sources */,
				C2E632EF25B69518005B2733 /* HistoryViewController.swift in Sources */,
			);
			runOnlyForDeploymentPostprocessing = 0;
		};
		C2E6326225B51D6E005B2733 /* Sources */ = {
			isa = PBXSourcesBuildPhase;
			buildActionMask = 2147483647;
			files = (
				C2E6326B25B51D6E005B2733 /* EmoticonAppTests.swift in Sources */,
			);
			runOnlyForDeploymentPostprocessing = 0;
		};
		C2E6326D25B51D6E005B2733 /* Sources */ = {
			isa = PBXSourcesBuildPhase;
			buildActionMask = 2147483647;
			files = (
				C2E6327625B51D6E005B2733 /* EmoticonAppUITests.swift in Sources */,
			);
			runOnlyForDeploymentPostprocessing = 0;
		};
/* End PBXSourcesBuildPhase section */

/* Begin PBXTargetDependency section */
		C23A054E25B9312D007339BD /* PBXTargetDependency */ = {
			isa = PBXTargetDependency;
			target = C2E6324F25B51D6D005B2733 /* EmoticonApp */;
			targetProxy = C23A054D25B9312D007339BD /* PBXContainerItemProxy */;
		};
		C2E6326825B51D6E005B2733 /* PBXTargetDependency */ = {
			isa = PBXTargetDependency;
			target = C2E6324F25B51D6D005B2733 /* EmoticonApp */;
			targetProxy = C2E6326725B51D6E005B2733 /* PBXContainerItemProxy */;
		};
		C2E6327325B51D6E005B2733 /* PBXTargetDependency */ = {
			isa = PBXTargetDependency;
			target = C2E6324F25B51D6D005B2733 /* EmoticonApp */;
			targetProxy = C2E6327225B51D6E005B2733 /* PBXContainerItemProxy */;
		};
/* End PBXTargetDependency section */

/* Begin PBXVariantGroup section */
		C2E6325925B51D6D005B2733 /* Main.storyboard */ = {
			isa = PBXVariantGroup;
			children = (
				C2E6325A25B51D6D005B2733 /* Base */,
			);
			name = Main.storyboard;
			sourceTree = "<group>";
		};
		C2E6325E25B51D6E005B2733 /* LaunchScreen.storyboard */ = {
			isa = PBXVariantGroup;
			children = (
				C2E6325F25B51D6E005B2733 /* Base */,
			);
			name = LaunchScreen.storyboard;
			sourceTree = "<group>";
		};
/* End PBXVariantGroup section */

/* Begin XCBuildConfiguration section */
		C23A054F25B9312D007339BD /* Debug */ = {
			isa = XCBuildConfiguration;
			buildSettings = {
				BUNDLE_LOADER = "$(TEST_HOST)";
				CODE_SIGN_STYLE = Automatic;
				DEVELOPMENT_TEAM = 46A8TRH8G6;
				INFOPLIST_FILE = CartTest/Info.plist;
				LD_RUNPATH_SEARCH_PATHS = (
					"$(inherited)",
					"@executable_path/Frameworks",
					"@loader_path/Frameworks",
				);
				PRODUCT_BUNDLE_IDENTIFIER = com.daumkakao.CartTest;
				PRODUCT_NAME = "$(TARGET_NAME)";
				SWIFT_VERSION = 5.0;
				TARGETED_DEVICE_FAMILY = "1,2";
				TEST_HOST = "$(BUILT_PRODUCTS_DIR)/EmoticonApp.app/EmoticonApp";
			};
			name = Debug;
		};
		C23A055025B9312D007339BD /* Release */ = {
			isa = XCBuildConfiguration;
			buildSettings = {
				BUNDLE_LOADER = "$(TEST_HOST)";
				CODE_SIGN_STYLE = Automatic;
				DEVELOPMENT_TEAM = 46A8TRH8G6;
				INFOPLIST_FILE = CartTest/Info.plist;
				LD_RUNPATH_SEARCH_PATHS = (
					"$(inherited)",
					"@executable_path/Frameworks",
					"@loader_path/Frameworks",
				);
				PRODUCT_BUNDLE_IDENTIFIER = com.daumkakao.CartTest;
				PRODUCT_NAME = "$(TARGET_NAME)";
				SWIFT_VERSION = 5.0;
				TARGETED_DEVICE_FAMILY = "1,2";
				TEST_HOST = "$(BUILT_PRODUCTS_DIR)/EmoticonApp.app/EmoticonApp";
			};
			name = Release;
		};
		C2E6327825B51D6E005B2733 /* Debug */ = {
			isa = XCBuildConfiguration;
			buildSettings = {
				ALWAYS_SEARCH_USER_PATHS = NO;
				CLANG_ANALYZER_NONNULL = YES;
				CLANG_ANALYZER_NUMBER_OBJECT_CONVERSION = YES_AGGRESSIVE;
				CLANG_CXX_LANGUAGE_STANDARD = "gnu++14";
				CLANG_CXX_LIBRARY = "libc++";
				CLANG_ENABLE_MODULES = YES;
				CLANG_ENABLE_OBJC_ARC = YES;
				CLANG_ENABLE_OBJC_WEAK = YES;
				CLANG_WARN_BLOCK_CAPTURE_AUTORELEASING = YES;
				CLANG_WARN_BOOL_CONVERSION = YES;
				CLANG_WARN_COMMA = YES;
				CLANG_WARN_CONSTANT_CONVERSION = YES;
				CLANG_WARN_DEPRECATED_OBJC_IMPLEMENTATIONS = YES;
				CLANG_WARN_DIRECT_OBJC_ISA_USAGE = YES_ERROR;
				CLANG_WARN_DOCUMENTATION_COMMENTS = YES;
				CLANG_WARN_EMPTY_BODY = YES;
				CLANG_WARN_ENUM_CONVERSION = YES;
				CLANG_WARN_INFINITE_RECURSION = YES;
				CLANG_WARN_INT_CONVERSION = YES;
				CLANG_WARN_NON_LITERAL_NULL_CONVERSION = YES;
				CLANG_WARN_OBJC_IMPLICIT_RETAIN_SELF = YES;
				CLANG_WARN_OBJC_LITERAL_CONVERSION = YES;
				CLANG_WARN_OBJC_ROOT_CLASS = YES_ERROR;
				CLANG_WARN_QUOTED_INCLUDE_IN_FRAMEWORK_HEADER = YES;
				CLANG_WARN_RANGE_LOOP_ANALYSIS = YES;
				CLANG_WARN_STRICT_PROTOTYPES = YES;
				CLANG_WARN_SUSPICIOUS_MOVE = YES;
				CLANG_WARN_UNGUARDED_AVAILABILITY = YES_AGGRESSIVE;
				CLANG_WARN_UNREACHABLE_CODE = YES;
				CLANG_WARN__DUPLICATE_METHOD_MATCH = YES;
				COPY_PHASE_STRIP = NO;
				DEBUG_INFORMATION_FORMAT = dwarf;
				ENABLE_STRICT_OBJC_MSGSEND = YES;
				ENABLE_TESTABILITY = YES;
				GCC_C_LANGUAGE_STANDARD = gnu11;
				GCC_DYNAMIC_NO_PIC = NO;
				GCC_NO_COMMON_BLOCKS = YES;
				GCC_OPTIMIZATION_LEVEL = 0;
				GCC_PREPROCESSOR_DEFINITIONS = (
					"DEBUG=1",
					"$(inherited)",
				);
				GCC_WARN_64_TO_32_BIT_CONVERSION = YES;
				GCC_WARN_ABOUT_RETURN_TYPE = YES_ERROR;
				GCC_WARN_UNDECLARED_SELECTOR = YES;
				GCC_WARN_UNINITIALIZED_AUTOS = YES_AGGRESSIVE;
				GCC_WARN_UNUSED_FUNCTION = YES;
				GCC_WARN_UNUSED_VARIABLE = YES;
				IPHONEOS_DEPLOYMENT_TARGET = 14.3;
				MTL_ENABLE_DEBUG_INFO = INCLUDE_SOURCE;
				MTL_FAST_MATH = YES;
				ONLY_ACTIVE_ARCH = YES;
				SDKROOT = iphoneos;
				SWIFT_ACTIVE_COMPILATION_CONDITIONS = DEBUG;
				SWIFT_OPTIMIZATION_LEVEL = "-Onone";
			};
			name = Debug;
		};
		C2E6327925B51D6E005B2733 /* Release */ = {
			isa = XCBuildConfiguration;
			buildSettings = {
				ALWAYS_SEARCH_USER_PATHS = NO;
				CLANG_ANALYZER_NONNULL = YES;
				CLANG_ANALYZER_NUMBER_OBJECT_CONVERSION = YES_AGGRESSIVE;
				CLANG_CXX_LANGUAGE_STANDARD = "gnu++14";
				CLANG_CXX_LIBRARY = "libc++";
				CLANG_ENABLE_MODULES = YES;
				CLANG_ENABLE_OBJC_ARC = YES;
				CLANG_ENABLE_OBJC_WEAK = YES;
				CLANG_WARN_BLOCK_CAPTURE_AUTORELEASING = YES;
				CLANG_WARN_BOOL_CONVERSION = YES;
				CLANG_WARN_COMMA = YES;
				CLANG_WARN_CONSTANT_CONVERSION = YES;
				CLANG_WARN_DEPRECATED_OBJC_IMPLEMENTATIONS = YES;
				CLANG_WARN_DIRECT_OBJC_ISA_USAGE = YES_ERROR;
				CLANG_WARN_DOCUMENTATION_COMMENTS = YES;
				CLANG_WARN_EMPTY_BODY = YES;
				CLANG_WARN_ENUM_CONVERSION = YES;
				CLANG_WARN_INFINITE_RECURSION = YES;
				CLANG_WARN_INT_CONVERSION = YES;
				CLANG_WARN_NON_LITERAL_NULL_CONVERSION = YES;
				CLANG_WARN_OBJC_IMPLICIT_RETAIN_SELF = YES;
				CLANG_WARN_OBJC_LITERAL_CONVERSION = YES;
				CLANG_WARN_OBJC_ROOT_CLASS = YES_ERROR;
				CLANG_WARN_QUOTED_INCLUDE_IN_FRAMEWORK_HEADER = YES;
				CLANG_WARN_RANGE_LOOP_ANALYSIS = YES;
				CLANG_WARN_STRICT_PROTOTYPES = YES;
				CLANG_WARN_SUSPICIOUS_MOVE = YES;
				CLANG_WARN_UNGUARDED_AVAILABILITY = YES_AGGRESSIVE;
				CLANG_WARN_UNREACHABLE_CODE = YES;
				CLANG_WARN__DUPLICATE_METHOD_MATCH = YES;
				COPY_PHASE_STRIP = NO;
				DEBUG_INFORMATION_FORMAT = "dwarf-with-dsym";
				ENABLE_NS_ASSERTIONS = NO;
				ENABLE_STRICT_OBJC_MSGSEND = YES;
				GCC_C_LANGUAGE_STANDARD = gnu11;
				GCC_NO_COMMON_BLOCKS = YES;
				GCC_WARN_64_TO_32_BIT_CONVERSION = YES;
				GCC_WARN_ABOUT_RETURN_TYPE = YES_ERROR;
				GCC_WARN_UNDECLARED_SELECTOR = YES;
				GCC_WARN_UNINITIALIZED_AUTOS = YES_AGGRESSIVE;
				GCC_WARN_UNUSED_FUNCTION = YES;
				GCC_WARN_UNUSED_VARIABLE = YES;
				IPHONEOS_DEPLOYMENT_TARGET = 14.3;
				MTL_ENABLE_DEBUG_INFO = NO;
				MTL_FAST_MATH = YES;
				SDKROOT = iphoneos;
				SWIFT_COMPILATION_MODE = wholemodule;
				SWIFT_OPTIMIZATION_LEVEL = "-O";
				VALIDATE_PRODUCT = YES;
			};
			name = Release;
		};
		C2E6327B25B51D6E005B2733 /* Debug */ = {
			isa = XCBuildConfiguration;
			buildSettings = {
				ASSETCATALOG_COMPILER_APPICON_NAME = AppIcon;
				ASSETCATALOG_COMPILER_GLOBAL_ACCENT_COLOR_NAME = AccentColor;
				CODE_SIGN_STYLE = Automatic;
				DEVELOPMENT_TEAM = 46A8TRH8G6;
				INFOPLIST_FILE = EmoticonApp/Info.plist;
				LD_RUNPATH_SEARCH_PATHS = (
					"$(inherited)",
					"@executable_path/Frameworks",
				);
				PRODUCT_BUNDLE_IDENTIFIER = com.daumkakao.EmoticonApp;
				PRODUCT_NAME = "$(TARGET_NAME)";
				SWIFT_VERSION = 5.0;
				TARGETED_DEVICE_FAMILY = "1,2";
			};
			name = Debug;
		};
		C2E6327C25B51D6E005B2733 /* Release */ = {
			isa = XCBuildConfiguration;
			buildSettings = {
				ASSETCATALOG_COMPILER_APPICON_NAME = AppIcon;
				ASSETCATALOG_COMPILER_GLOBAL_ACCENT_COLOR_NAME = AccentColor;
				CODE_SIGN_STYLE = Automatic;
				DEVELOPMENT_TEAM = 46A8TRH8G6;
				INFOPLIST_FILE = EmoticonApp/Info.plist;
				LD_RUNPATH_SEARCH_PATHS = (
					"$(inherited)",
					"@executable_path/Frameworks",
				);
				PRODUCT_BUNDLE_IDENTIFIER = com.daumkakao.EmoticonApp;
				PRODUCT_NAME = "$(TARGET_NAME)";
				SWIFT_VERSION = 5.0;
				TARGETED_DEVICE_FAMILY = "1,2";
			};
			name = Release;
		};
		C2E6327E25B51D6E005B2733 /* Debug */ = {
			isa = XCBuildConfiguration;
			buildSettings = {
				ALWAYS_EMBED_SWIFT_STANDARD_LIBRARIES = YES;
				BUNDLE_LOADER = "$(TEST_HOST)";
				CODE_SIGN_STYLE = Automatic;
				DEVELOPMENT_TEAM = 46A8TRH8G6;
				INFOPLIST_FILE = EmoticonAppTests/Info.plist;
				IPHONEOS_DEPLOYMENT_TARGET = 14.3;
				LD_RUNPATH_SEARCH_PATHS = (
					"$(inherited)",
					"@executable_path/Frameworks",
					"@loader_path/Frameworks",
				);
				PRODUCT_BUNDLE_IDENTIFIER = com.daumkakao.EmoticonAppTests;
				PRODUCT_NAME = "$(TARGET_NAME)";
				SWIFT_VERSION = 5.0;
				TARGETED_DEVICE_FAMILY = "1,2";
				TEST_HOST = "$(BUILT_PRODUCTS_DIR)/EmoticonApp.app/EmoticonApp";
			};
			name = Debug;
		};
		C2E6327F25B51D6E005B2733 /* Release */ = {
			isa = XCBuildConfiguration;
			buildSettings = {
				ALWAYS_EMBED_SWIFT_STANDARD_LIBRARIES = YES;
				BUNDLE_LOADER = "$(TEST_HOST)";
				CODE_SIGN_STYLE = Automatic;
				DEVELOPMENT_TEAM = 46A8TRH8G6;
				INFOPLIST_FILE = EmoticonAppTests/Info.plist;
				IPHONEOS_DEPLOYMENT_TARGET = 14.3;
				LD_RUNPATH_SEARCH_PATHS = (
					"$(inherited)",
					"@executable_path/Frameworks",
					"@loader_path/Frameworks",
				);
				PRODUCT_BUNDLE_IDENTIFIER = com.daumkakao.EmoticonAppTests;
				PRODUCT_NAME = "$(TARGET_NAME)";
				SWIFT_VERSION = 5.0;
				TARGETED_DEVICE_FAMILY = "1,2";
				TEST_HOST = "$(BUILT_PRODUCTS_DIR)/EmoticonApp.app/EmoticonApp";
			};
			name = Release;
		};
		C2E6328125B51D6E005B2733 /* Debug */ = {
			isa = XCBuildConfiguration;
			buildSettings = {
				ALWAYS_EMBED_SWIFT_STANDARD_LIBRARIES = YES;
				CODE_SIGN_STYLE = Automatic;
				DEVELOPMENT_TEAM = 46A8TRH8G6;
				INFOPLIST_FILE = EmoticonAppUITests/Info.plist;
				LD_RUNPATH_SEARCH_PATHS = (
					"$(inherited)",
					"@executable_path/Frameworks",
					"@loader_path/Frameworks",
				);
				PRODUCT_BUNDLE_IDENTIFIER = com.daumkakao.EmoticonAppUITests;
				PRODUCT_NAME = "$(TARGET_NAME)";
				SWIFT_VERSION = 5.0;
				TARGETED_DEVICE_FAMILY = "1,2";
				TEST_TARGET_NAME = EmoticonApp;
			};
			name = Debug;
		};
		C2E6328225B51D6E005B2733 /* Release */ = {
			isa = XCBuildConfiguration;
			buildSettings = {
				ALWAYS_EMBED_SWIFT_STANDARD_LIBRARIES = YES;
				CODE_SIGN_STYLE = Automatic;
				DEVELOPMENT_TEAM = 46A8TRH8G6;
				INFOPLIST_FILE = EmoticonAppUITests/Info.plist;
				LD_RUNPATH_SEARCH_PATHS = (
					"$(inherited)",
					"@executable_path/Frameworks",
					"@loader_path/Frameworks",
				);
				PRODUCT_BUNDLE_IDENTIFIER = com.daumkakao.EmoticonAppUITests;
				PRODUCT_NAME = "$(TARGET_NAME)";
				SWIFT_VERSION = 5.0;
				TARGETED_DEVICE_FAMILY = "1,2";
				TEST_TARGET_NAME = EmoticonApp;
			};
			name = Release;
		};
/* End XCBuildConfiguration section */

/* Begin XCConfigurationList section */
		C23A055125B9312D007339BD /* Build configuration list for PBXNativeTarget "CartTest" */ = {
			isa = XCConfigurationList;
			buildConfigurations = (
				C23A054F25B9312D007339BD /* Debug */,
				C23A055025B9312D007339BD /* Release */,
			);
			defaultConfigurationIsVisible = 0;
			defaultConfigurationName = Release;
		};
		C2E6324B25B51D6D005B2733 /* Build configuration list for PBXProject "EmoticonApp" */ = {
			isa = XCConfigurationList;
			buildConfigurations = (
				C2E6327825B51D6E005B2733 /* Debug */,
				C2E6327925B51D6E005B2733 /* Release */,
			);
			defaultConfigurationIsVisible = 0;
			defaultConfigurationName = Release;
		};
		C2E6327A25B51D6E005B2733 /* Build configuration list for PBXNativeTarget "EmoticonApp" */ = {
			isa = XCConfigurationList;
			buildConfigurations = (
				C2E6327B25B51D6E005B2733 /* Debug */,
				C2E6327C25B51D6E005B2733 /* Release */,
			);
			defaultConfigurationIsVisible = 0;
			defaultConfigurationName = Release;
		};
		C2E6327D25B51D6E005B2733 /* Build configuration list for PBXNativeTarget "EmoticonAppTests" */ = {
			isa = XCConfigurationList;
			buildConfigurations = (
				C2E6327E25B51D6E005B2733 /* Debug */,
				C2E6327F25B51D6E005B2733 /* Release */,
			);
			defaultConfigurationIsVisible = 0;
			defaultConfigurationName = Release;
		};
		C2E6328025B51D6E005B2733 /* Build configuration list for PBXNativeTarget "EmoticonAppUITests" */ = {
			isa = XCConfigurationList;
			buildConfigurations = (
				C2E6328125B51D6E005B2733 /* Debug */,
				C2E6328225B51D6E005B2733 /* Release */,
			);
			defaultConfigurationIsVisible = 0;
			defaultConfigurationName = Release;
		};
/* End XCConfigurationList section */
	};
	rootObject = C2E6324825B51D6D005B2733 /* Project object */;
}
